// !$*UTF8*$!
{
	archiveVersion = 1;
	classes = {
	};
	objectVersion = 56;
	objects = {

/* Begin PBXBuildFile section */
		C37C7D402CAA466300B9ED74 /* KeywordBubble.swift in Sources */ = {isa = PBXBuildFile; fileRef = C37C7D3F2CAA466300B9ED74 /* KeywordBubble.swift */; };
		C37C7D422CAAA5E700B9ED74 /* CaptionedPhoto.swift in Sources */ = {isa = PBXBuildFile; fileRef = C37C7D412CAAA5E700B9ED74 /* CaptionedPhoto.swift */; };
		C39F71AC2CA55C10009E06C7 /* ExploreStructureApp.swift in Sources */ = {isa = PBXBuildFile; fileRef = C39F71AB2CA55C10009E06C7 /* ExploreStructureApp.swift */; };
		C39F71AE2CA55C10009E06C7 /* ContentView.swift in Sources */ = {isa = PBXBuildFile; fileRef = C39F71AD2CA55C10009E06C7 /* ContentView.swift */; };
		C39F71B02CA55C15009E06C7 /* Assets.xcassets in Resources */ = {isa = PBXBuildFile; fileRef = C39F71AF2CA55C15009E06C7 /* Assets.xcassets */; };
		C39F71B32CA55C15009E06C7 /* Preview Assets.xcassets in Resources */ = {isa = PBXBuildFile; fileRef = C39F71B22CA55C15009E06C7 /* Preview Assets.xcassets */; };
		C39F71BA2CA5BF64009E06C7 /* SettingsView.swift in Sources */ = {isa = PBXBuildFile; fileRef = C39F71B92CA5BF64009E06C7 /* SettingsView.swift */; };
		C39F71BC2CA5C366009E06C7 /* ExploreStructureAlternativeScene.swift in Sources */ = {isa = PBXBuildFile; fileRef = C39F71BB2CA5C366009E06C7 /* ExploreStructureAlternativeScene.swift */; };
		C39F71BE2CA5C438009E06C7 /* AlternativeContentView.swift in Sources */ = {isa = PBXBuildFile; fileRef = C39F71BD2CA5C438009E06C7 /* AlternativeContentView.swift */; };
		C39F71C02CA5C47A009E06C7 /* ExploreStructure.swift in Sources */ = {isa = PBXBuildFile; fileRef = C39F71BF2CA5C47A009E06C7 /* ExploreStructure.swift */; };
		C3B40AD52CAB19E100E93C6F /* IfElseTrain.swift in Sources */ = {isa = PBXBuildFile; fileRef = C3B40AD42CAB19E100E93C6F /* IfElseTrain.swift */; };
		C3B40AD72CAB29E900E93C6F /* EventTile.swift in Sources */ = {isa = PBXBuildFile; fileRef = C3B40AD62CAB29E900E93C6F /* EventTile.swift */; };
/* End PBXBuildFile section */

/* Begin PBXFileReference section */
		C37C7D3F2CAA466300B9ED74 /* KeywordBubble.swift */ = {isa = PBXFileReference; lastKnownFileType = sourcecode.swift; path = KeywordBubble.swift; sourceTree = "<group>"; };
		C37C7D412CAAA5E700B9ED74 /* CaptionedPhoto.swift */ = {isa = PBXFileReference; lastKnownFileType = sourcecode.swift; path = CaptionedPhoto.swift; sourceTree = "<group>"; };
		C39F71A82CA55C10009E06C7 /* ExploreStructure.app */ = {isa = PBXFileReference; explicitFileType = wrapper.application; includeInIndex = 0; path = ExploreStructure.app; sourceTree = BUILT_PRODUCTS_DIR; };
		C39F71AB2CA55C10009E06C7 /* ExploreStructureApp.swift */ = {isa = PBXFileReference; lastKnownFileType = sourcecode.swift; path = ExploreStructureApp.swift; sourceTree = "<group>"; };
		C39F71AD2CA55C10009E06C7 /* ContentView.swift */ = {isa = PBXFileReference; lastKnownFileType = sourcecode.swift; path = ContentView.swift; sourceTree = "<group>"; };
		C39F71AF2CA55C15009E06C7 /* Assets.xcassets */ = {isa = PBXFileReference; lastKnownFileType = folder.assetcatalog; path = Assets.xcassets; sourceTree = "<group>"; };
		C39F71B22CA55C15009E06C7 /* Preview Assets.xcassets */ = {isa = PBXFileReference; lastKnownFileType = folder.assetcatalog; path = "Preview Assets.xcassets"; sourceTree = "<group>"; };
		C39F71B92CA5BF64009E06C7 /* SettingsView.swift */ = {isa = PBXFileReference; lastKnownFileType = sourcecode.swift; path = SettingsView.swift; sourceTree = "<group>"; };
		C39F71BB2CA5C366009E06C7 /* ExploreStructureAlternativeScene.swift */ = {isa = PBXFileReference; lastKnownFileType = sourcecode.swift; path = ExploreStructureAlternativeScene.swift; sourceTree = "<group>"; };
		C39F71BD2CA5C438009E06C7 /* AlternativeContentView.swift */ = {isa = PBXFileReference; lastKnownFileType = sourcecode.swift; path = AlternativeContentView.swift; sourceTree = "<group>"; };
		C39F71BF2CA5C47A009E06C7 /* ExploreStructure.swift */ = {isa = PBXFileReference; lastKnownFileType = sourcecode.swift; path = ExploreStructure.swift; sourceTree = "<group>"; };
		C3B40AD42CAB19E100E93C6F /* IfElseTrain.swift */ = {isa = PBXFileReference; lastKnownFileType = sourcecode.swift; path = IfElseTrain.swift; sourceTree = "<group>"; };
		C3B40AD62CAB29E900E93C6F /* EventTile.swift */ = {isa = PBXFileReference; lastKnownFileType = sourcecode.swift; path = EventTile.swift; sourceTree = "<group>"; };
/* End PBXFileReference section */

/* Begin PBXFrameworksBuildPhase section */
		C39F71A52CA55C10009E06C7 /* Frameworks */ = {
			isa = PBXFrameworksBuildPhase;
			buildActionMask = 2147483647;
			files = (
			);
			runOnlyForDeploymentPostprocessing = 0;
		};
/* End PBXFrameworksBuildPhase section */

/* Begin PBXGroup section */
		C39F719F2CA55C10009E06C7 = {
			isa = PBXGroup;
			children = (
				C39F71AA2CA55C10009E06C7 /* ExploreStructure */,
				C39F71A92CA55C10009E06C7 /* Products */,
			);
			sourceTree = "<group>";
		};
		C39F71A92CA55C10009E06C7 /* Products */ = {
			isa = PBXGroup;
			children = (
				C39F71A82CA55C10009E06C7 /* ExploreStructure.app */,
			);
			name = Products;
			sourceTree = "<group>";
		};
		C39F71AA2CA55C10009E06C7 /* ExploreStructure */ = {
			isa = PBXGroup;
			children = (
				C39F71AB2CA55C10009E06C7 /* ExploreStructureApp.swift */,
				C39F71BB2CA5C366009E06C7 /* ExploreStructureAlternativeScene.swift */,
				C39F71BF2CA5C47A009E06C7 /* ExploreStructure.swift */,
				C39F71BD2CA5C438009E06C7 /* AlternativeContentView.swift */,
				C39F71AD2CA55C10009E06C7 /* ContentView.swift */,
				C37C7D3F2CAA466300B9ED74 /* KeywordBubble.swift */,
				C37C7D412CAAA5E700B9ED74 /* CaptionedPhoto.swift */,
				C3B40AD42CAB19E100E93C6F /* IfElseTrain.swift */,
				C3B40AD62CAB29E900E93C6F /* EventTile.swift */,
				C39F71B92CA5BF64009E06C7 /* SettingsView.swift */,
				C39F71AF2CA55C15009E06C7 /* Assets.xcassets */,
				C39F71B12CA55C15009E06C7 /* Preview Content */,
			);
			path = ExploreStructure;
			sourceTree = "<group>";
		};
		C39F71B12CA55C15009E06C7 /* Preview Content */ = {
			isa = PBXGroup;
			children = (
				C39F71B22CA55C15009E06C7 /* Preview Assets.xcassets */,
			);
			path = "Preview Content";
			sourceTree = "<group>";
		};
/* End PBXGroup section */

/* Begin PBXNativeTarget section */
		C39F71A72CA55C10009E06C7 /* ExploreStructure */ = {
			isa = PBXNativeTarget;
			buildConfigurationList = C39F71B62CA55C15009E06C7 /* Build configuration list for PBXNativeTarget "ExploreStructure" */;
			buildPhases = (
				C39F71A42CA55C10009E06C7 /* Sources */,
				C39F71A52CA55C10009E06C7 /* Frameworks */,
				C39F71A62CA55C10009E06C7 /* Resources */,
			);
			buildRules = (
			);
			dependencies = (
			);
			name = ExploreStructure;
			productName = ExploreStructure;
			productReference = C39F71A82CA55C10009E06C7 /* ExploreStructure.app */;
			productType = "com.apple.product-type.application";
		};
/* End PBXNativeTarget section */

/* Begin PBXProject section */
		C39F71A02CA55C10009E06C7 /* Project object */ = {
			isa = PBXProject;
			attributes = {
				BuildIndependentTargetsInParallel = 1;
				LastSwiftUpdateCheck = 1510;
				LastUpgradeCheck = 1510;
				TargetAttributes = {
					C39F71A72CA55C10009E06C7 = {
						CreatedOnToolsVersion = 15.1;
					};
				};
			};
			buildConfigurationList = C39F71A32CA55C10009E06C7 /* Build configuration list for PBXProject "ExploreStructure" */;
			compatibilityVersion = "Xcode 14.0";
			developmentRegion = en;
			hasScannedForEncodings = 0;
			knownRegions = (
				en,
				Base,
			);
			mainGroup = C39F719F2CA55C10009E06C7;
			productRefGroup = C39F71A92CA55C10009E06C7 /* Products */;
			projectDirPath = "";
			projectRoot = "";
			targets = (
				C39F71A72CA55C10009E06C7 /* ExploreStructure */,
			);
		};
/* End PBXProject section */

/* Begin PBXResourcesBuildPhase section */
		C39F71A62CA55C10009E06C7 /* Resources */ = {
			isa = PBXResourcesBuildPhase;
			buildActionMask = 2147483647;
			files = (
				C39F71B32CA55C15009E06C7 /* Preview Assets.xcassets in Resources */,
				C39F71B02CA55C15009E06C7 /* Assets.xcassets in Resources */,
			);
			runOnlyForDeploymentPostprocessing = 0;
		};
/* End PBXResourcesBuildPhase section */

/* Begin PBXSourcesBuildPhase section */
		C39F71A42CA55C10009E06C7 /* Sources */ = {
			isa = PBXSourcesBuildPhase;
			buildActionMask = 2147483647;
			files = (
				C37C7D422CAAA5E700B9ED74 /* CaptionedPhoto.swift in Sources */,
				C39F71BA2CA5BF64009E06C7 /* SettingsView.swift in Sources */,
				C39F71AE2CA55C10009E06C7 /* ContentView.swift in Sources */,
				C39F71BC2CA5C366009E06C7 /* ExploreStructureAlternativeScene.swift in Sources */,
				C3B40AD72CAB29E900E93C6F /* EventTile.swift in Sources */,
				C37C7D402CAA466300B9ED74 /* KeywordBubble.swift in Sources */,
				C39F71C02CA5C47A009E06C7 /* ExploreStructure.swift in Sources */,
				C39F71BE2CA5C438009E06C7 /* AlternativeContentView.swift in Sources */,
				C3B40AD52CAB19E100E93C6F /* IfElseTrain.swift in Sources */,
				C39F71AC2CA55C10009E06C7 /* ExploreStructureApp.swift in Sources */,
			);
			runOnlyForDeploymentPostprocessing = 0;
		};
/* End PBXSourcesBuildPhase section */

/* Begin XCBuildConfiguration section */
		C39F71B42CA55C15009E06C7 /* Debug */ = {
			isa = XCBuildConfiguration;
			buildSettings = {
				ALWAYS_SEARCH_USER_PATHS = NO;
				ASSETCATALOG_COMPILER_GENERATE_SWIFT_ASSET_SYMBOL_EXTENSIONS = YES;
				CLANG_ANALYZER_NONNULL = YES;
				CLANG_ANALYZER_NUMBER_OBJECT_CONVERSION = YES_AGGRESSIVE;
				CLANG_CXX_LANGUAGE_STANDARD = "gnu++20";
				CLANG_ENABLE_MODULES = YES;
				CLANG_ENABLE_OBJC_ARC = YES;
				CLANG_ENABLE_OBJC_WEAK = YES;
				CLANG_WARN_BLOCK_CAPTURE_AUTORELEASING = YES;
				CLANG_WARN_BOOL_CONVERSION = YES;
				CLANG_WARN_COMMA = YES;
				CLANG_WARN_CONSTANT_CONVERSION = YES;
				CLANG_WARN_DEPRECATED_OBJC_IMPLEMENTATIONS = YES;
				CLANG_WARN_DIRECT_OBJC_ISA_USAGE = YES_ERROR;
				CLANG_WARN_DOCUMENTATION_COMMENTS = YES;
				CLANG_WARN_EMPTY_BODY = YES;
				CLANG_WARN_ENUM_CONVERSION = YES;
				CLANG_WARN_INFINITE_RECURSION = YES;
				CLANG_WARN_INT_CONVERSION = YES;
				CLANG_WARN_NON_LITERAL_NULL_CONVERSION = YES;
				CLANG_WARN_OBJC_IMPLICIT_RETAIN_SELF = YES;
				CLANG_WARN_OBJC_LITERAL_CONVERSION = YES;
				CLANG_WARN_OBJC_ROOT_CLASS = YES_ERROR;
				CLANG_WARN_QUOTED_INCLUDE_IN_FRAMEWORK_HEADER = YES;
				CLANG_WARN_RANGE_LOOP_ANALYSIS = YES;
				CLANG_WARN_STRICT_PROTOTYPES = YES;
				CLANG_WARN_SUSPICIOUS_MOVE = YES;
				CLANG_WARN_UNGUARDED_AVAILABILITY = YES_AGGRESSIVE;
				CLANG_WARN_UNREACHABLE_CODE = YES;
				CLANG_WARN__DUPLICATE_METHOD_MATCH = YES;
				COPY_PHASE_STRIP = NO;
				DEBUG_INFORMATION_FORMAT = dwarf;
				ENABLE_STRICT_OBJC_MSGSEND = YES;
				ENABLE_TESTABILITY = YES;
				ENABLE_USER_SCRIPT_SANDBOXING = YES;
				GCC_C_LANGUAGE_STANDARD = gnu17;
				GCC_DYNAMIC_NO_PIC = NO;
				GCC_NO_COMMON_BLOCKS = YES;
				GCC_OPTIMIZATION_LEVEL = 0;
				GCC_PREPROCESSOR_DEFINITIONS = (
					"DEBUG=1",
					"$(inherited)",
				);
				GCC_WARN_64_TO_32_BIT_CONVERSION = YES;
				GCC_WARN_ABOUT_RETURN_TYPE = YES_ERROR;
				GCC_WARN_UNDECLARED_SELECTOR = YES;
				GCC_WARN_UNINITIALIZED_AUTOS = YES_AGGRESSIVE;
				GCC_WARN_UNUSED_FUNCTION = YES;
				GCC_WARN_UNUSED_VARIABLE = YES;
				IPHONEOS_DEPLOYMENT_TARGET = 17.2;
				LOCALIZATION_PREFERS_STRING_CATALOGS = YES;
				MTL_ENABLE_DEBUG_INFO = INCLUDE_SOURCE;
				MTL_FAST_MATH = YES;
				ONLY_ACTIVE_ARCH = YES;
				SDKROOT = iphoneos;
				SWIFT_ACTIVE_COMPILATION_CONDITIONS = "DEBUG $(inherited)";
				SWIFT_OPTIMIZATION_LEVEL = "-Onone";
			};
			name = Debug;
		};
		C39F71B52CA55C15009E06C7 /* Release */ = {
			isa = XCBuildConfiguration;
			buildSettings = {
				ALWAYS_SEARCH_USER_PATHS = NO;
				ASSETCATALOG_COMPILER_GENERATE_SWIFT_ASSET_SYMBOL_EXTENSIONS = YES;
				CLANG_ANALYZER_NONNULL = YES;
				CLANG_ANALYZER_NUMBER_OBJECT_CONVERSION = YES_AGGRESSIVE;
				CLANG_CXX_LANGUAGE_STANDARD = "gnu++20";
				CLANG_ENABLE_MODULES = YES;
				CLANG_ENABLE_OBJC_ARC = YES;
				CLANG_ENABLE_OBJC_WEAK = YES;
				CLANG_WARN_BLOCK_CAPTURE_AUTORELEASING = YES;
				CLANG_WARN_BOOL_CONVERSION = YES;
				CLANG_WARN_COMMA = YES;
				CLANG_WARN_CONSTANT_CONVERSION = YES;
				CLANG_WARN_DEPRECATED_OBJC_IMPLEMENTATIONS = YES;
				CLANG_WARN_DIRECT_OBJC_ISA_USAGE = YES_ERROR;
				CLANG_WARN_DOCUMENTATION_COMMENTS = YES;
				CLANG_WARN_EMPTY_BODY = YES;
				CLANG_WARN_ENUM_CONVERSION = YES;
				CLANG_WARN_INFINITE_RECURSION = YES;
				CLANG_WARN_INT_CONVERSION = YES;
				CLANG_WARN_NON_LITERAL_NULL_CONVERSION = YES;
				CLANG_WARN_OBJC_IMPLICIT_RETAIN_SELF = YES;
				CLANG_WARN_OBJC_LITERAL_CONVERSION = YES;
				CLANG_WARN_OBJC_ROOT_CLASS = YES_ERROR;
				CLANG_WARN_QUOTED_INCLUDE_IN_FRAMEWORK_HEADER = YES;
				CLANG_WARN_RANGE_LOOP_ANALYSIS = YES;
				CLANG_WARN_STRICT_PROTOTYPES = YES;
				CLANG_WARN_SUSPICIOUS_MOVE = YES;
				CLANG_WARN_UNGUARDED_AVAILABILITY = YES_AGGRESSIVE;
				CLANG_WARN_UNREACHABLE_CODE = YES;
				CLANG_WARN__DUPLICATE_METHOD_MATCH = YES;
				COPY_PHASE_STRIP = NO;
				DEBUG_INFORMATION_FORMAT = "dwarf-with-dsym";
				ENABLE_NS_ASSERTIONS = NO;
				ENABLE_STRICT_OBJC_MSGSEND = YES;
				ENABLE_USER_SCRIPT_SANDBOXING = YES;
				GCC_C_LANGUAGE_STANDARD = gnu17;
				GCC_NO_COMMON_BLOCKS = YES;
				GCC_WARN_64_TO_32_BIT_CONVERSION = YES;
				GCC_WARN_ABOUT_RETURN_TYPE = YES_ERROR;
				GCC_WARN_UNDECLARED_SELECTOR = YES;
				GCC_WARN_UNINITIALIZED_AUTOS = YES_AGGRESSIVE;
				GCC_WARN_UNUSED_FUNCTION = YES;
				GCC_WARN_UNUSED_VARIABLE = YES;
				IPHONEOS_DEPLOYMENT_TARGET = 17.2;
				LOCALIZATION_PREFERS_STRING_CATALOGS = YES;
				MTL_ENABLE_DEBUG_INFO = NO;
				MTL_FAST_MATH = YES;
				SDKROOT = iphoneos;
				SWIFT_COMPILATION_MODE = wholemodule;
				VALIDATE_PRODUCT = YES;
			};
			name = Release;
		};
		C39F71B72CA55C15009E06C7 /* Debug */ = {
			isa = XCBuildConfiguration;
			buildSettings = {
				ASSETCATALOG_COMPILER_APPICON_NAME = AppIcon;
				ASSETCATALOG_COMPILER_GLOBAL_ACCENT_COLOR_NAME = AccentColor;
				CODE_SIGN_STYLE = Automatic;
				CURRENT_PROJECT_VERSION = 1;
				DEVELOPMENT_ASSET_PATHS = "\"ExploreStructure/Preview Content\"";
				ENABLE_PREVIEWS = YES;
				GENERATE_INFOPLIST_FILE = YES;
				INFOPLIST_KEY_UIApplicationSceneManifest_Generation = YES;
				INFOPLIST_KEY_UIApplicationSupportsIndirectInputEvents = YES;
				INFOPLIST_KEY_UILaunchScreen_Generation = YES;
				INFOPLIST_KEY_UISupportedInterfaceOrientations_iPad = "UIInterfaceOrientationPortrait UIInterfaceOrientationPortraitUpsideDown UIInterfaceOrientationLandscapeLeft UIInterfaceOrientationLandscapeRight";
				INFOPLIST_KEY_UISupportedInterfaceOrientations_iPhone = "UIInterfaceOrientationPortrait UIInterfaceOrientationLandscapeLeft UIInterfaceOrientationLandscapeRight";
				LD_RUNPATH_SEARCH_PATHS = (
					"$(inherited)",
					"@executable_path/Frameworks",
				);
				MARKETING_VERSION = 1.0;
				PRODUCT_BUNDLE_IDENTIFIER = com.winterstory.ExploreStructure;
				PRODUCT_NAME = "$(TARGET_NAME)";
				SWIFT_EMIT_LOC_STRINGS = YES;
				SWIFT_VERSION = 5.0;
				TARGETED_DEVICE_FAMILY = "1,2";
			};
			name = Debug;
		};
		C39F71B82CA55C15009E06C7 /* Release */ = {
			isa = XCBuildConfiguration;
			buildSettings = {
				ASSETCATALOG_COMPILER_APPICON_NAME = AppIcon;
				ASSETCATALOG_COMPILER_GLOBAL_ACCENT_COLOR_NAME = AccentColor;
				CODE_SIGN_STYLE = Automatic;
				CURRENT_PROJECT_VERSION = 1;
				DEVELOPMENT_ASSET_PATHS = "\"ExploreStructure/Preview Content\"";
				ENABLE_PREVIEWS = YES;
				GENERATE_INFOPLIST_FILE = YES;
				INFOPLIST_KEY_UIApplicationSceneManifest_Generation = YES;
				INFOPLIST_KEY_UIApplicationSupportsIndirectInputEvents = YES;
				INFOPLIST_KEY_UILaunchScreen_Generation = YES;
				INFOPLIST_KEY_UISupportedInterfaceOrientations_iPad = "UIInterfaceOrientationPortrait UIInterfaceOrientationPortraitUpsideDown UIInterfaceOrientationLandscapeLeft UIInterfaceOrientationLandscapeRight";
				INFOPLIST_KEY_UISupportedInterfaceOrientations_iPhone = "UIInterfaceOrientationPortrait UIInterfaceOrientationLandscapeLeft UIInterfaceOrientationLandscapeRight";
				LD_RUNPATH_SEARCH_PATHS = (
					"$(inherited)",
					"@executable_path/Frameworks",
				);
				MARKETING_VERSION = 1.0;
				PRODUCT_BUNDLE_IDENTIFIER = com.winterstory.ExploreStructure;
				PRODUCT_NAME = "$(TARGET_NAME)";
				SWIFT_EMIT_LOC_STRINGS = YES;
				SWIFT_VERSION = 5.0;
				TARGETED_DEVICE_FAMILY = "1,2";
			};
			name = Release;
		};
/* End XCBuildConfiguration section */

/* Begin XCConfigurationList section */
		C39F71A32CA55C10009E06C7 /* Build configuration list for PBXProject "ExploreStructure" */ = {
			isa = XCConfigurationList;
			buildConfigurations = (
				C39F71B42CA55C15009E06C7 /* Debug */,
				C39F71B52CA55C15009E06C7 /* Release */,
			);
			defaultConfigurationIsVisible = 0;
			defaultConfigurationName = Release;
		};
		C39F71B62CA55C15009E06C7 /* Build configuration list for PBXNativeTarget "ExploreStructure" */ = {
			isa = XCConfigurationList;
			buildConfigurations = (
				C39F71B72CA55C15009E06C7 /* Debug */,
				C39F71B82CA55C15009E06C7 /* Release */,
			);
			defaultConfigurationIsVisible = 0;
			defaultConfigurationName = Release;
		};
/* End XCConfigurationList section */
	};
	rootObject = C39F71A02CA55C10009E06C7 /* Project object */;
}
